
Microsoft Visual Studio Solution File, Format Version 12.00
# Visual Studio 2013
VisualStudioVersion = 12.0.40629.0
MinimumVisualStudioVersion = 10.0.40219.1
Project("{FAE04EC0-301F-11D3-BF4B-00C04F79EFBC}") = "S02_L06_HelloWorld", "S02_L06_HelloWorld\S02_L06_HelloWorld.csproj", "{DE0907C5-AC1F-4D35-B81E-C3FC5E26722F}"
EndProject
Project("{FAE04EC0-301F-11D3-BF4B-00C04F79EFBC}") = "S03_L09_TheBookStore", "S03_L09_TheBookStore\S03_L09_TheBookStore.csproj", "{7FD91C8F-C3C2-44B2-BE29-EA08CB3ED8A6}"
EndProject
Project("{FAE04EC0-301F-11D3-BF4B-00C04F79EFBC}") = "S05_L20_TheBookStore", "S05_L20_TheBookStore\S05_L20_TheBookStore.csproj", "{ECDFEDEC-2781-4AE6-82C4-D7D1730586B3}"
EndProject
Project("{FAE04EC0-301F-11D3-BF4B-00C04F79EFBC}") = "ClientPrototype", "ClientPrototype\ClientPrototype.csproj", "{62B47AAE-23AE-47F2-8099-8FA9EF18B9AE}"
EndProject
Project("{FAE04EC0-301F-11D3-BF4B-00C04F79EFBC}") = "TheBookStore.Client", "TheBookStore.Client\TheBookStore.Client.csproj", "{9DAFBBF7-9B26-46F3-BEAC-B65525835DA8}"
EndProject
Project("{FAE04EC0-301F-11D3-BF4B-00C04F79EFBC}") = "S07_L26_TheBookStore", "S07_L26_TheBookStore\S07_L26_TheBookStore.csproj", "{4ABCFBA6-FBB7-40E3-AE45-9C6EF3AF048E}"
EndProject
Project("{FAE04EC0-301F-11D3-BF4B-00C04F79EFBC}") = "SampleSelfHost", "SampleSelfHost\SampleSelfHost.csproj", "{9B1A58C5-D146-46D3-A533-577324284B7B}"
EndProject
Global
	GlobalSection(SolutionConfigurationPlatforms) = preSolution
		Debug|Any CPU = Debug|Any CPU
		Release|Any CPU = Release|Any CPU
	EndGlobalSection
	GlobalSection(ProjectConfigurationPlatforms) = postSolution
		{DE0907C5-AC1F-4D35-B81E-C3FC5E26722F}.Debug|Any CPU.ActiveCfg = Debug|Any CPU
		{DE0907C5-AC1F-4D35-B81E-C3FC5E26722F}.Debug|Any CPU.Build.0 = Debug|Any CPU
		{DE0907C5-AC1F-4D35-B81E-C3FC5E26722F}.Release|Any CPU.ActiveCfg = Release|Any CPU
		{DE0907C5-AC1F-4D35-B81E-C3FC5E26722F}.Release|Any CPU.Build.0 = Release|Any CPU
		{7FD91C8F-C3C2-44B2-BE29-EA08CB3ED8A6}.Debug|Any CPU.ActiveCfg = Debug|Any CPU
		{7FD91C8F-C3C2-44B2-BE29-EA08CB3ED8A6}.Debug|Any CPU.Build.0 = Debug|Any CPU
		{7FD91C8F-C3C2-44B2-BE29-EA08CB3ED8A6}.Release|Any CPU.ActiveCfg = Release|Any CPU
		{7FD91C8F-C3C2-44B2-BE29-EA08CB3ED8A6}.Release|Any CPU.Build.0 = Release|Any CPU
		{ECDFEDEC-2781-4AE6-82C4-D7D1730586B3}.Debug|Any CPU.ActiveCfg = Debug|Any CPU
		{ECDFEDEC-2781-4AE6-82C4-D7D1730586B3}.Debug|Any CPU.Build.0 = Debug|Any CPU
		{ECDFEDEC-2781-4AE6-82C4-D7D1730586B3}.Release|Any CPU.ActiveCfg = Release|Any CPU
		{ECDFEDEC-2781-4AE6-82C4-D7D1730586B3}.Release|Any CPU.Build.0 = Release|Any CPU
		{62B47AAE-23AE-47F2-8099-8FA9EF18B9AE}.Debug|Any CPU.ActiveCfg = Debug|Any CPU
		{62B47AAE-23AE-47F2-8099-8FA9EF18B9AE}.Debug|Any CPU.Build.0 = Debug|Any CPU
		{62B47AAE-23AE-47F2-8099-8FA9EF18B9AE}.Release|Any CPU.ActiveCfg = Release|Any CPU
		{62B47AAE-23AE-47F2-8099-8FA9EF18B9AE}.Release|Any CPU.Build.0 = Release|Any CPU
		{9DAFBBF7-9B26-46F3-BEAC-B65525835DA8}.Debug|Any CPU.ActiveCfg = Debug|Any CPU
		{9DAFBBF7-9B26-46F3-BEAC-B65525835DA8}.Debug|Any CPU.Build.0 = Debug|Any CPU
		{9DAFBBF7-9B26-46F3-BEAC-B65525835DA8}.Release|Any CPU.ActiveCfg = Release|Any CPU
		{9DAFBBF7-9B26-46F3-BEAC-B65525835DA8}.Release|Any CPU.Build.0 = Release|Any CPU
		{4ABCFBA6-FBB7-40E3-AE45-9C6EF3AF048E}.Debug|Any CPU.ActiveCfg = Debug|Any CPU
		{4ABCFBA6-FBB7-40E3-AE45-9C6EF3AF048E}.Debug|Any CPU.Build.0 = Debug|Any CPU
		{4ABCFBA6-FBB7-40E3-AE45-9C6EF3AF048E}.Release|Any CPU.ActiveCfg = Release|Any CPU
		{4ABCFBA6-FBB7-40E3-AE45-9C6EF3AF048E}.Release|Any CPU.Build.0 = Release|Any CPU
		{9B1A58C5-D146-46D3-A533-577324284B7B}.Debug|Any CPU.ActiveCfg = Debug|Any CPU
		{9B1A58C5-D146-46D3-A533-577324284B7B}.Debug|Any CPU.Build.0 = Debug|Any CPU
		{9B1A58C5-D146-46D3-A533-577324284B7B}.Release|Any CPU.ActiveCfg = Release|Any CPU
		{9B1A58C5-D146-46D3-A533-577324284B7B}.Release|Any CPU.Build.0 = Release|Any CPU
	EndGlobalSection
	GlobalSection(SolutionProperties) = preSolution
		HideSolutionNode = FALSE
	EndGlobalSection
EndGlobal
